
Microsoft Visual Studio Solution File, Format Version 12.00
# Visual Studio Version 16
VisualStudioVersion = 16.0.32413.119
MinimumVisualStudioVersion = 10.0.40219.1
Project("{9A19103F-16F7-4668-BE54-9A1E7A4F7556}") = "Bakalauras", "Bakalauras\Bakalauras.csproj", "{1B264130-F5D6-4F36-9E1A-53082AB284AE}"
EndProject
Project("{9A19103F-16F7-4668-BE54-9A1E7A4F7556}") = "TestingBak", "TestingBak\TestingBak.csproj", "{572AC53C-9C18-4DBC-8FA1-94DEAA128B3A}"
EndProject
Global
	GlobalSection(SolutionConfigurationPlatforms) = preSolution
		Debug|Any CPU = Debug|Any CPU
		Release|Any CPU = Release|Any CPU
	EndGlobalSection
	GlobalSection(ProjectConfigurationPlatforms) = postSolution
		{1B264130-F5D6-4F36-9E1A-53082AB284AE}.Debug|Any CPU.ActiveCfg = Debug|Any CPU
		{1B264130-F5D6-4F36-9E1A-53082AB284AE}.Debug|Any CPU.Build.0 = Debug|Any CPU
		{1B264130-F5D6-4F36-9E1A-53082AB284AE}.Release|Any CPU.ActiveCfg = Release|Any CPU
		{1B264130-F5D6-4F36-9E1A-53082AB284AE}.Release|Any CPU.Build.0 = Release|Any CPU
		{572AC53C-9C18-4DBC-8FA1-94DEAA128B3A}.Debug|Any CPU.ActiveCfg = Debug|Any CPU
		{572AC53C-9C18-4DBC-8FA1-94DEAA128B3A}.Debug|Any CPU.Build.0 = Debug|Any CPU
		{572AC53C-9C18-4DBC-8FA1-94DEAA128B3A}.Release|Any CPU.ActiveCfg = Release|Any CPU
		{572AC53C-9C18-4DBC-8FA1-94DEAA128B3A}.Release|Any CPU.Build.0 = Release|Any CPU
	EndGlobalSection
	GlobalSection(SolutionProperties) = preSolution
		HideSolutionNode = FALSE
	EndGlobalSection
	GlobalSection(ExtensibilityGlobals) = postSolution
		SolutionGuid = {0D050316-5525-45ED-B019-4094F0EF4057}
	EndGlobalSection
EndGlobal
